PODS:
  - Alamofire (5.4.4)
  - Amplify (1.16.1):
    - Amplify/Default (= 1.16.1)
  - Amplify/Default (1.16.1)
  - Amplify/Tools (1.16.1)
  - RxCocoa (6.2.0):
    - RxRelay (= 6.2.0)
    - RxSwift (= 6.2.0)
  - RxRelay (6.2.0):
    - RxSwift (= 6.2.0)
  - RxSwift (6.2.0)
  - SnapKit (5.0.1)

DEPENDENCIES:
  - Alamofire (~> 5.4)
  - Amplify (~> 1.0)
  - Amplify/Tools (~> 1.0)
  - RxCocoa (= 6.2.0)
  - RxSwift (= 6.2.0)
  - SnapKit (~> 5.0.0)

SPEC REPOS:
  trunk:
    - Alamofire
    - Amplify
    - RxCocoa
    - RxRelay
    - RxSwift
    - SnapKit

SPEC CHECKSUMS:
  Alamofire: f3b09a368f1582ab751b3fff5460276e0d2cf5c9
  Amplify: 6537202e60db68f911ca9382bfc19be3cdd3a78e
  RxCocoa: 4baf94bb35f2c0ab31bc0cb9f1900155f646ba42
  RxRelay: e72dbfd157807478401ef1982e1c61c945c94b2f
  RxSwift: d356ab7bee873611322f134c5f9ef379fa183d8f
  SnapKit: 97b92857e3df3a0c71833cce143274bf6ef8e5eb

PODFILE CHECKSUM: 3a5694349601d46afd7a63b2366be58d5cb3048f

COCOAPODS: 1.11.1
